
Microsoft Visual Studio Solution File, Format Version 12.00
# Visual Studio 14
VisualStudioVersion = 14.0.23107.0
MinimumVisualStudioVersion = 10.0.40219.1
Project("{FAE04EC0-301F-11D3-BF4B-00C04F79EFBC}") = "HlslDecompiler", "HlslDecompiler.csproj", "{0580D991-FD83-4B26-9ED0-90843C663CB9}"
EndProject
Project("{FAE04EC0-301F-11D3-BF4B-00C04F79EFBC}") = "HlslDecompiler.Tests", "HlslDecompiler.Tests\HlslDecompiler.Tests.csproj", "{E4C9890B-E6EE-4E7F-B8BA-E036A8CF6383}"
EndProject
Global
	GlobalSection(SolutionConfigurationPlatforms) = preSolution
		Debug|Any CPU = Debug|Any CPU
		Release|Any CPU = Release|Any CPU
	EndGlobalSection
	GlobalSection(ProjectConfigurationPlatforms) = postSolution
		{0580D991-FD83-4B26-9ED0-90843C663CB9}.Debug|Any CPU.ActiveCfg = Debug|Any CPU
		{0580D991-FD83-4B26-9ED0-90843C663CB9}.Debug|Any CPU.Build.0 = Debug|Any CPU
		{0580D991-FD83-4B26-9ED0-90843C663CB9}.Release|Any CPU.ActiveCfg = Release|Any CPU
		{0580D991-FD83-4B26-9ED0-90843C663CB9}.Release|Any CPU.Build.0 = Release|Any CPU
		{E4C9890B-E6EE-4E7F-B8BA-E036A8CF6383}.Debug|Any CPU.ActiveCfg = Debug|Any CPU
		{E4C9890B-E6EE-4E7F-B8BA-E036A8CF6383}.Debug|Any CPU.Build.0 = Debug|Any CPU
		{E4C9890B-E6EE-4E7F-B8BA-E036A8CF6383}.Release|Any CPU.ActiveCfg = Release|Any CPU
		{E4C9890B-E6EE-4E7F-B8BA-E036A8CF6383}.Release|Any CPU.Build.0 = Release|Any CPU
	EndGlobalSection
	GlobalSection(SolutionProperties) = preSolution
		HideSolutionNode = FALSE
	EndGlobalSection
EndGlobal
